// !$*UTF8*$!
{
	archiveVersion = 1;
	classes = {
	};
	objectVersion = 56;
	objects = {

/* Begin PBXBuildFile section */
		C05E5EBF2A6FD69200725BB5 /* EmotionEnum.swift in Sources */ = {isa = PBXBuildFile; fileRef = C05E5EBE2A6FD69200725BB5 /* EmotionEnum.swift */; };
		C05E5EC12A6FE93B00725BB5 /* StatisticsViewController.swift in Sources */ = {isa = PBXBuildFile; fileRef = C05E5EC02A6FE93B00725BB5 /* StatisticsViewController.swift */; };
		C09909512A6FC8CF00096E64 /* AppDelegate.swift in Sources */ = {isa = PBXBuildFile; fileRef = C09909502A6FC8CF00096E64 /* AppDelegate.swift */; };
		C09909532A6FC8CF00096E64 /* SceneDelegate.swift in Sources */ = {isa = PBXBuildFile; fileRef = C09909522A6FC8CF00096E64 /* SceneDelegate.swift */; };
		C09909552A6FC8CF00096E64 /* ViewController.swift in Sources */ = {isa = PBXBuildFile; fileRef = C09909542A6FC8CF00096E64 /* ViewController.swift */; };
		C09909582A6FC8CF00096E64 /* Main.storyboard in Resources */ = {isa = PBXBuildFile; fileRef = C09909562A6FC8CF00096E64 /* Main.storyboard */; };
		C099095A2A6FC8D000096E64 /* Assets.xcassets in Resources */ = {isa = PBXBuildFile; fileRef = C09909592A6FC8D000096E64 /* Assets.xcassets */; };
		C099095D2A6FC8D000096E64 /* LaunchScreen.storyboard in Resources */ = {isa = PBXBuildFile; fileRef = C099095B2A6FC8D000096E64 /* LaunchScreen.storyboard */; };
		C09909652A6FD1E100096E64 /* EmotionViewController.swift in Sources */ = {isa = PBXBuildFile; fileRef = C09909642A6FD1E100096E64 /* EmotionViewController.swift */; };
/* End PBXBuildFile section */

/* Begin PBXFileReference section */
		C05E5EBE2A6FD69200725BB5 /* EmotionEnum.swift */ = {isa = PBXFileReference; lastKnownFileType = sourcecode.swift; path = EmotionEnum.swift; sourceTree = "<group>"; };
		C05E5EC02A6FE93B00725BB5 /* StatisticsViewController.swift */ = {isa = PBXFileReference; lastKnownFileType = sourcecode.swift; path = StatisticsViewController.swift; sourceTree = SOURCE_ROOT; };
		C099094D2A6FC8CF00096E64 /* Emotion.app */ = {isa = PBXFileReference; explicitFileType = wrapper.application; includeInIndex = 0; path = Emotion.app; sourceTree = BUILT_PRODUCTS_DIR; };
		C09909502A6FC8CF00096E64 /* AppDelegate.swift */ = {isa = PBXFileReference; lastKnownFileType = sourcecode.swift; path = AppDelegate.swift; sourceTree = "<group>"; };
		C09909522A6FC8CF00096E64 /* SceneDelegate.swift */ = {isa = PBXFileReference; lastKnownFileType = sourcecode.swift; path = SceneDelegate.swift; sourceTree = "<group>"; };
		C09909542A6FC8CF00096E64 /* ViewController.swift */ = {isa = PBXFileReference; lastKnownFileType = sourcecode.swift; path = ViewController.swift; sourceTree = "<group>"; };
		C09909572A6FC8CF00096E64 /* Base */ = {isa = PBXFileReference; lastKnownFileType = file.storyboard; name = Base; path = Base.lproj/Main.storyboard; sourceTree = "<group>"; };
		C09909592A6FC8D000096E64 /* Assets.xcassets */ = {isa = PBXFileReference; lastKnownFileType = folder.assetcatalog; path = Assets.xcassets; sourceTree = "<group>"; };
		C099095C2A6FC8D000096E64 /* Base */ = {isa = PBXFileReference; lastKnownFileType = file.storyboard; name = Base; path = Base.lproj/LaunchScreen.storyboard; sourceTree = "<group>"; };
		C099095E2A6FC8D000096E64 /* Info.plist */ = {isa = PBXFileReference; lastKnownFileType = text.plist.xml; path = Info.plist; sourceTree = "<group>"; };
		C09909642A6FD1E100096E64 /* EmotionViewController.swift */ = {isa = PBXFileReference; lastKnownFileType = sourcecode.swift; path = EmotionViewController.swift; sourceTree = "<group>"; };
/* End PBXFileReference section */

/* Begin PBXFrameworksBuildPhase section */
		C099094A2A6FC8CF00096E64 /* Frameworks */ = {
			isa = PBXFrameworksBuildPhase;
			buildActionMask = 2147483647;
			files = (
			);
			runOnlyForDeploymentPostprocessing = 0;
		};
/* End PBXFrameworksBuildPhase section */

/* Begin PBXGroup section */
		C09909442A6FC8CF00096E64 = {
			isa = PBXGroup;
			children = (
				C099094F2A6FC8CF00096E64 /* Emotion */,
				C099094E2A6FC8CF00096E64 /* Products */,
			);
			sourceTree = "<group>";
		};
		C099094E2A6FC8CF00096E64 /* Products */ = {
			isa = PBXGroup;
			children = (
				C099094D2A6FC8CF00096E64 /* Emotion.app */,
			);
			name = Products;
			sourceTree = "<group>";
		};
		C099094F2A6FC8CF00096E64 /* Emotion */ = {
			isa = PBXGroup;
			children = (
				C05E5EC02A6FE93B00725BB5 /* StatisticsViewController.swift */,
				C09909502A6FC8CF00096E64 /* AppDelegate.swift */,
				C09909522A6FC8CF00096E64 /* SceneDelegate.swift */,
				C09909542A6FC8CF00096E64 /* ViewController.swift */,
				C09909562A6FC8CF00096E64 /* Main.storyboard */,
				C09909642A6FD1E100096E64 /* EmotionViewController.swift */,
				C09909592A6FC8D000096E64 /* Assets.xcassets */,
				C099095B2A6FC8D000096E64 /* LaunchScreen.storyboard */,
				C099095E2A6FC8D000096E64 /* Info.plist */,
				C05E5EBE2A6FD69200725BB5 /* EmotionEnum.swift */,
			);
			path = Emotion;
			sourceTree = "<group>";
		};
/* End PBXGroup section */

/* Begin PBXNativeTarget section */
		C099094C2A6FC8CF00096E64 /* Emotion */ = {
			isa = PBXNativeTarget;
			buildConfigurationList = C09909612A6FC8D000096E64 /* Build configuration list for PBXNativeTarget "Emotion" */;
			buildPhases = (
				C09909492A6FC8CF00096E64 /* Sources */,
				C099094A2A6FC8CF00096E64 /* Frameworks */,
				C099094B2A6FC8CF00096E64 /* Resources */,
			);
			buildRules = (
			);
			dependencies = (
			);
			name = Emotion;
			productName = Emotion;
			productReference = C099094D2A6FC8CF00096E64 /* Emotion.app */;
			productType = "com.apple.product-type.application";
		};
/* End PBXNativeTarget section */

/* Begin PBXProject section */
		C09909452A6FC8CF00096E64 /* Project object */ = {
			isa = PBXProject;
			attributes = {
				BuildIndependentTargetsInParallel = 1;
				LastSwiftUpdateCheck = 1430;
				LastUpgradeCheck = 1430;
				TargetAttributes = {
					C099094C2A6FC8CF00096E64 = {
						CreatedOnToolsVersion = 14.3.1;
					};
				};
			};
			buildConfigurationList = C09909482A6FC8CF00096E64 /* Build configuration list for PBXProject "Emotion" */;
			compatibilityVersion = "Xcode 14.0";
			developmentRegion = en;
			hasScannedForEncodings = 0;
			knownRegions = (
				en,
				Base,
			);
			mainGroup = C09909442A6FC8CF00096E64;
			productRefGroup = C099094E2A6FC8CF00096E64 /* Products */;
			projectDirPath = "";
			projectRoot = "";
			targets = (
				C099094C2A6FC8CF00096E64 /* Emotion */,
			);
		};
/* End PBXProject section */

/* Begin PBXResourcesBuildPhase section */
		C099094B2A6FC8CF00096E64 /* Resources */ = {
			isa = PBXResourcesBuildPhase;
			buildActionMask = 2147483647;
			files = (
				C099095D2A6FC8D000096E64 /* LaunchScreen.storyboard in Resources */,
				C099095A2A6FC8D000096E64 /* Assets.xcassets in Resources */,
				C09909582A6FC8CF00096E64 /* Main.storyboard in Resources */,
			);
			runOnlyForDeploymentPostprocessing = 0;
		};
/* End PBXResourcesBuildPhase section */

/* Begin PBXSourcesBuildPhase section */
		C09909492A6FC8CF00096E64 /* Sources */ = {
			isa = PBXSourcesBuildPhase;
			buildActionMask = 2147483647;
			files = (
				C05E5EBF2A6FD69200725BB5 /* EmotionEnum.swift in Sources */,
				C09909652A6FD1E100096E64 /* EmotionViewController.swift in Sources */,
				C09909552A6FC8CF00096E64 /* ViewController.swift in Sources */,
				C05E5EC12A6FE93B00725BB5 /* StatisticsViewController.swift in Sources */,
				C09909512A6FC8CF00096E64 /* AppDelegate.swift in Sources */,
				C09909532A6FC8CF00096E64 /* SceneDelegate.swift in Sources */,
			);
			runOnlyForDeploymentPostprocessing = 0;
		};
/* End PBXSourcesBuildPhase section */

/* Begin PBXVariantGroup section */
		C09909562A6FC8CF00096E64 /* Main.storyboard */ = {
			isa = PBXVariantGroup;
			children = (
				C09909572A6FC8CF00096E64 /* Base */,
			);
			name = Main.storyboard;
			sourceTree = "<group>";
		};
		C099095B2A6FC8D000096E64 /* LaunchScreen.storyboard */ = {
			isa = PBXVariantGroup;
			children = (
				C099095C2A6FC8D000096E64 /* Base */,
			);
			name = LaunchScreen.storyboard;
			sourceTree = "<group>";
		};
/* End PBXVariantGroup section */

/* Begin XCBuildConfiguration section */
		C099095F2A6FC8D000096E64 /* Debug */ = {
			isa = XCBuildConfiguration;
			buildSettings = {
				ALWAYS_SEARCH_USER_PATHS = NO;
				CLANG_ANALYZER_NONNULL = YES;
				CLANG_ANALYZER_NUMBER_OBJECT_CONVERSION = YES_AGGRESSIVE;
				CLANG_CXX_LANGUAGE_STANDARD = "gnu++20";
				CLANG_ENABLE_MODULES = YES;
				CLANG_ENABLE_OBJC_ARC = YES;
				CLANG_ENABLE_OBJC_WEAK = YES;
				CLANG_WARN_BLOCK_CAPTURE_AUTORELEASING = YES;
				CLANG_WARN_BOOL_CONVERSION = YES;
				CLANG_WARN_COMMA = YES;
				CLANG_WARN_CONSTANT_CONVERSION = YES;
				CLANG_WARN_DEPRECATED_OBJC_IMPLEMENTATIONS = YES;
				CLANG_WARN_DIRECT_OBJC_ISA_USAGE = YES_ERROR;
				CLANG_WARN_DOCUMENTATION_COMMENTS = YES;
				CLANG_WARN_EMPTY_BODY = YES;
				CLANG_WARN_ENUM_CONVERSION = YES;
				CLANG_WARN_INFINITE_RECURSION = YES;
				CLANG_WARN_INT_CONVERSION = YES;
				CLANG_WARN_NON_LITERAL_NULL_CONVERSION = YES;
				CLANG_WARN_OBJC_IMPLICIT_RETAIN_SELF = YES;
				CLANG_WARN_OBJC_LITERAL_CONVERSION = YES;
				CLANG_WARN_OBJC_ROOT_CLASS = YES_ERROR;
				CLANG_WARN_QUOTED_INCLUDE_IN_FRAMEWORK_HEADER = YES;
				CLANG_WARN_RANGE_LOOP_ANALYSIS = YES;
				CLANG_WARN_STRICT_PROTOTYPES = YES;
				CLANG_WARN_SUSPICIOUS_MOVE = YES;
				CLANG_WARN_UNGUARDED_AVAILABILITY = YES_AGGRESSIVE;
				CLANG_WARN_UNREACHABLE_CODE = YES;
				CLANG_WARN__DUPLICATE_METHOD_MATCH = YES;
				COPY_PHASE_STRIP = NO;
				DEBUG_INFORMATION_FORMAT = dwarf;
				ENABLE_STRICT_OBJC_MSGSEND = YES;
				ENABLE_TESTABILITY = YES;
				GCC_C_LANGUAGE_STANDARD = gnu11;
				GCC_DYNAMIC_NO_PIC = NO;
				GCC_NO_COMMON_BLOCKS = YES;
				GCC_OPTIMIZATION_LEVEL = 0;
				GCC_PREPROCESSOR_DEFINITIONS = (
					"DEBUG=1",
					"$(inherited)",
				);
				GCC_WARN_64_TO_32_BIT_CONVERSION = YES;
				GCC_WARN_ABOUT_RETURN_TYPE = YES_ERROR;
				GCC_WARN_UNDECLARED_SELECTOR = YES;
				GCC_WARN_UNINITIALIZED_AUTOS = YES_AGGRESSIVE;
				GCC_WARN_UNUSED_FUNCTION = YES;
				GCC_WARN_UNUSED_VARIABLE = YES;
				IPHONEOS_DEPLOYMENT_TARGET = 16.4;
				MTL_ENABLE_DEBUG_INFO = INCLUDE_SOURCE;
				MTL_FAST_MATH = YES;
				ONLY_ACTIVE_ARCH = YES;
				SDKROOT = iphoneos;
				SWIFT_ACTIVE_COMPILATION_CONDITIONS = DEBUG;
				SWIFT_OPTIMIZATION_LEVEL = "-Onone";
			};
			name = Debug;
		};
		C09909602A6FC8D000096E64 /* Release */ = {
			isa = XCBuildConfiguration;
			buildSettings = {
				ALWAYS_SEARCH_USER_PATHS = NO;
				CLANG_ANALYZER_NONNULL = YES;
				CLANG_ANALYZER_NUMBER_OBJECT_CONVERSION = YES_AGGRESSIVE;
				CLANG_CXX_LANGUAGE_STANDARD = "gnu++20";
				CLANG_ENABLE_MODULES = YES;
				CLANG_ENABLE_OBJC_ARC = YES;
				CLANG_ENABLE_OBJC_WEAK = YES;
				CLANG_WARN_BLOCK_CAPTURE_AUTORELEASING = YES;
				CLANG_WARN_BOOL_CONVERSION = YES;
				CLANG_WARN_COMMA = YES;
				CLANG_WARN_CONSTANT_CONVERSION = YES;
				CLANG_WARN_DEPRECATED_OBJC_IMPLEMENTATIONS = YES;
				CLANG_WARN_DIRECT_OBJC_ISA_USAGE = YES_ERROR;
				CLANG_WARN_DOCUMENTATION_COMMENTS = YES;
				CLANG_WARN_EMPTY_BODY = YES;
				CLANG_WARN_ENUM_CONVERSION = YES;
				CLANG_WARN_INFINITE_RECURSION = YES;
				CLANG_WARN_INT_CONVERSION = YES;
				CLANG_WARN_NON_LITERAL_NULL_CONVERSION = YES;
				CLANG_WARN_OBJC_IMPLICIT_RETAIN_SELF = YES;
				CLANG_WARN_OBJC_LITERAL_CONVERSION = YES;
				CLANG_WARN_OBJC_ROOT_CLASS = YES_ERROR;
				CLANG_WARN_QUOTED_INCLUDE_IN_FRAMEWORK_HEADER = YES;
				CLANG_WARN_RANGE_LOOP_ANALYSIS = YES;
				CLANG_WARN_STRICT_PROTOTYPES = YES;
				CLANG_WARN_SUSPICIOUS_MOVE = YES;
				CLANG_WARN_UNGUARDED_AVAILABILITY = YES_AGGRESSIVE;
				CLANG_WARN_UNREACHABLE_CODE = YES;
				CLANG_WARN__DUPLICATE_METHOD_MATCH = YES;
				COPY_PHASE_STRIP = NO;
				DEBUG_INFORMATION_FORMAT = "dwarf-with-dsym";
				ENABLE_NS_ASSERTIONS = NO;
				ENABLE_STRICT_OBJC_MSGSEND = YES;
				GCC_C_LANGUAGE_STANDARD = gnu11;
				GCC_NO_COMMON_BLOCKS = YES;
				GCC_WARN_64_TO_32_BIT_CONVERSION = YES;
				GCC_WARN_ABOUT_RETURN_TYPE = YES_ERROR;
				GCC_WARN_UNDECLARED_SELECTOR = YES;
				GCC_WARN_UNINITIALIZED_AUTOS = YES_AGGRESSIVE;
				GCC_WARN_UNUSED_FUNCTION = YES;
				GCC_WARN_UNUSED_VARIABLE = YES;
				IPHONEOS_DEPLOYMENT_TARGET = 16.4;
				MTL_ENABLE_DEBUG_INFO = NO;
				MTL_FAST_MATH = YES;
				SDKROOT = iphoneos;
				SWIFT_COMPILATION_MODE = wholemodule;
				SWIFT_OPTIMIZATION_LEVEL = "-O";
				VALIDATE_PRODUCT = YES;
			};
			name = Release;
		};
		C09909622A6FC8D000096E64 /* Debug */ = {
			isa = XCBuildConfiguration;
			buildSettings = {
				ASSETCATALOG_COMPILER_APPICON_NAME = AppIcon;
				ASSETCATALOG_COMPILER_GLOBAL_ACCENT_COLOR_NAME = AccentColor;
				CODE_SIGN_STYLE = Automatic;
				CURRENT_PROJECT_VERSION = 1;
				DEVELOPMENT_TEAM = SV3K237PCX;
				GENERATE_INFOPLIST_FILE = YES;
				INFOPLIST_FILE = Emotion/Info.plist;
				INFOPLIST_KEY_UIApplicationSupportsIndirectInputEvents = YES;
				INFOPLIST_KEY_UILaunchStoryboardName = LaunchScreen;
				INFOPLIST_KEY_UIMainStoryboardFile = Main;
				INFOPLIST_KEY_UISupportedInterfaceOrientations_iPad = "UIInterfaceOrientationPortrait UIInterfaceOrientationPortraitUpsideDown UIInterfaceOrientationLandscapeLeft UIInterfaceOrientationLandscapeRight";
				INFOPLIST_KEY_UISupportedInterfaceOrientations_iPhone = "UIInterfaceOrientationPortrait UIInterfaceOrientationLandscapeLeft UIInterfaceOrientationLandscapeRight";
				LD_RUNPATH_SEARCH_PATHS = (
					"$(inherited)",
					"@executable_path/Frameworks",
				);
				MARKETING_VERSION = 1.0;
				PRODUCT_BUNDLE_IDENTIFIER = com.study.Emotion;
				PRODUCT_NAME = "$(TARGET_NAME)";
				SWIFT_EMIT_LOC_STRINGS = YES;
				SWIFT_VERSION = 5.0;
				TARGETED_DEVICE_FAMILY = "1,2";
			};
			name = Debug;
		};
		C09909632A6FC8D000096E64 /* Release */ = {
			isa = XCBuildConfiguration;
			buildSettings = {
				ASSETCATALOG_COMPILER_APPICON_NAME = AppIcon;
				ASSETCATALOG_COMPILER_GLOBAL_ACCENT_COLOR_NAME = AccentColor;
				CODE_SIGN_STYLE = Automatic;
				CURRENT_PROJECT_VERSION = 1;
				DEVELOPMENT_TEAM = SV3K237PCX;
				GENERATE_INFOPLIST_FILE = YES;
				INFOPLIST_FILE = Emotion/Info.plist;
				INFOPLIST_KEY_UIApplicationSupportsIndirectInputEvents = YES;
				INFOPLIST_KEY_UILaunchStoryboardName = LaunchScreen;
				INFOPLIST_KEY_UIMainStoryboardFile = Main;
				INFOPLIST_KEY_UISupportedInterfaceOrientations_iPad = "UIInterfaceOrientationPortrait UIInterfaceOrientationPortraitUpsideDown UIInterfaceOrientationLandscapeLeft UIInterfaceOrientationLandscapeRight";
				INFOPLIST_KEY_UISupportedInterfaceOrientations_iPhone = "UIInterfaceOrientationPortrait UIInterfaceOrientationLandscapeLeft UIInterfaceOrientationLandscapeRight";
				LD_RUNPATH_SEARCH_PATHS = (
					"$(inherited)",
					"@executable_path/Frameworks",
				);
				MARKETING_VERSION = 1.0;
				PRODUCT_BUNDLE_IDENTIFIER = com.study.Emotion;
				PRODUCT_NAME = "$(TARGET_NAME)";
				SWIFT_EMIT_LOC_STRINGS = YES;
				SWIFT_VERSION = 5.0;
				TARGETED_DEVICE_FAMILY = "1,2";
			};
			name = Release;
		};
/* End XCBuildConfiguration section */

/* Begin XCConfigurationList section */
		C09909482A6FC8CF00096E64 /* Build configuration list for PBXProject "Emotion" */ = {
			isa = XCConfigurationList;
			buildConfigurations = (
				C099095F2A6FC8D000096E64 /* Debug */,
				C09909602A6FC8D000096E64 /* Release */,
			);
			defaultConfigurationIsVisible = 0;
			defaultConfigurationName = Release;
		};
		C09909612A6FC8D000096E64 /* Build configuration list for PBXNativeTarget "Emotion" */ = {
			isa = XCConfigurationList;
			buildConfigurations = (
				C09909622A6FC8D000096E64 /* Debug */,
				C09909632A6FC8D000096E64 /* Release */,
			);
			defaultConfigurationIsVisible = 0;
			defaultConfigurationName = Release;
		};
/* End XCConfigurationList section */
	};
	rootObject = C09909452A6FC8CF00096E64 /* Project object */;
}
